
Microsoft Visual Studio Solution File, Format Version 12.00
# Visual Studio Version 16
VisualStudioVersion = 16.0.30114.105
MinimumVisualStudioVersion = 10.0.40219.1
Project("{FAE04EC0-301F-11D3-BF4B-00C04F79EFBC}") = "TaskProject", "TaskProject.csproj", "{81FD33E8-0737-4826-93DE-771038DFB334}"
EndProject
Global
	GlobalSection(SolutionConfigurationPlatforms) = preSolution
		Debug|Any CPU = Debug|Any CPU
		Release|Any CPU = Release|Any CPU
	EndGlobalSection
	GlobalSection(ProjectConfigurationPlatforms) = postSolution
		{81FD33E8-0737-4826-93DE-771038DFB334}.Debug|Any CPU.ActiveCfg = Debug|Any CPU
		{81FD33E8-0737-4826-93DE-771038DFB334}.Debug|Any CPU.Build.0 = Debug|Any CPU
		{81FD33E8-0737-4826-93DE-771038DFB334}.Release|Any CPU.ActiveCfg = Release|Any CPU
		{81FD33E8-0737-4826-93DE-771038DFB334}.Release|Any CPU.Build.0 = Release|Any CPU
	EndGlobalSection
	GlobalSection(SolutionProperties) = preSolution
		HideSolutionNode = FALSE
	EndGlobalSection
	GlobalSection(ExtensibilityGlobals) = postSolution
		SolutionGuid = {8F680D25-2055-4FF9-B30E-578FCFF2BB27}
	EndGlobalSection
EndGlobal
